
Microsoft Visual Studio Solution File, Format Version 12.00
# Visual Studio 2013
VisualStudioVersion = 12.0.30723.0
MinimumVisualStudioVersion = 10.0.40219.1
Project("{FAE04EC0-301F-11D3-BF4B-00C04F79EFBC}") = "SlideMenuControl", "SlideMenuControl\SlideMenuControl.csproj", "{29F371CE-AA26-4C72-9C66-C58A742C9D93}"
EndProject
Project("{FAE04EC0-301F-11D3-BF4B-00C04F79EFBC}") = "TestApp", "TestApp\TestApp.csproj", "{053FA3EA-B75E-4358-A09E-651324A5BBE2}"
EndProject
Global
	GlobalSection(SolutionConfigurationPlatforms) = preSolution
		Debug|Any CPU = Debug|Any CPU
		Release|Any CPU = Release|Any CPU
	EndGlobalSection
	GlobalSection(ProjectConfigurationPlatforms) = postSolution
		{29F371CE-AA26-4C72-9C66-C58A742C9D93}.Debug|Any CPU.ActiveCfg = Debug|Any CPU
		{29F371CE-AA26-4C72-9C66-C58A742C9D93}.Debug|Any CPU.Build.0 = Debug|Any CPU
		{29F371CE-AA26-4C72-9C66-C58A742C9D93}.Release|Any CPU.ActiveCfg = Release|Any CPU
		{29F371CE-AA26-4C72-9C66-C58A742C9D93}.Release|Any CPU.Build.0 = Release|Any CPU
		{053FA3EA-B75E-4358-A09E-651324A5BBE2}.Debug|Any CPU.ActiveCfg = Debug|Any CPU
		{053FA3EA-B75E-4358-A09E-651324A5BBE2}.Debug|Any CPU.Build.0 = Debug|Any CPU
		{053FA3EA-B75E-4358-A09E-651324A5BBE2}.Release|Any CPU.ActiveCfg = Release|Any CPU
		{053FA3EA-B75E-4358-A09E-651324A5BBE2}.Release|Any CPU.Build.0 = Release|Any CPU
	EndGlobalSection
	GlobalSection(SolutionProperties) = preSolution
		HideSolutionNode = FALSE
	EndGlobalSection
EndGlobal
